// !$*UTF8*$!
{
	archiveVersion = 1;
	classes = {
	};
	objectVersion = 77;
	objects = {

/* Begin PBXBuildFile section */
		180C0F3D3026FC010074A5A8 /* HTTPMethod.swift in Sources */ = {isa = PBXBuildFile; fileRef = 180C0F3C3026FC010074A5A8 /* HTTPMethod.swift */; };
		180C0F3F3026FC4C0074A5A8 /* APIRequest.swift in Sources */ = {isa = PBXBuildFile; fileRef = 180C0F3E3026FC4C0074A5A8 /* APIRequest.swift */; };
		180C0F413026FCB60074A5A8 /* NetworkError.swift in Sources */ = {isa = PBXBuildFile; fileRef = 180C0F403026FCB60074A5A8 /* NetworkError.swift */; };
		180C0F433026FD070074A5A8 /* APIClient.swift in Sources */ = {isa = PBXBuildFile; fileRef = 180C0F423026FD070074A5A8 /* APIClient.swift */; };
		180C0F5A3027440B0074A5A8 /* AuthenticationState.swift in Sources */ = {isa = PBXBuildFile; fileRef = 180C0F593027440B0074A5A8 /* AuthenticationState.swift */; };
		180C0F5C302744480074A5A8 /* TokenStore.swift in Sources */ = {isa = PBXBuildFile; fileRef = 180C0F5B302744480074A5A8 /* TokenStore.swift */; };
		180C0F62302746920074A5A8 /* SessionManager.swift in Sources */ = {isa = PBXBuildFile; fileRef = 180C0F61302746920074A5A8 /* SessionManager.swift */; };
		180C0F68302749E90074A5A8 /* AuthenticationView.swift in Sources */ = {isa = PBXBuildFile; fileRef = 180C0F67302749E90074A5A8 /* AuthenticationView.swift */; };
		180C0F6B30274A130074A5A8 /* HomeView.swift in Sources */ = {isa = PBXBuildFile; fileRef = 180C0F6A30274A130074A5A8 /* HomeView.swift */; };
		18BE6F653024E9EB008EE769 /* Assets.xcassets in Resources */ = {isa = PBXBuildFile; fileRef = 18BE6F613024E9EB008EE769 /* Assets.xcassets */; };
		18BE6F663024E9EB008EE769 /* ClosetAIApp.swift in Sources */ = {isa = PBXBuildFile; fileRef = 18BE6F623024E9EB008EE769 /* ClosetAIApp.swift */; };
		18BE6F693024EA42008EE769 /* AppContainer.swift in Sources */ = {isa = PBXBuildFile; fileRef = 18BE6F683024EA42008EE769 /* AppContainer.swift */; };
		18BE6F6B3024EA51008EE769 /* AppEnvironment.swift in Sources */ = {isa = PBXBuildFile; fileRef = 18BE6F6A3024EA51008EE769 /* AppEnvironment.swift */; };
		18BE6F6D3024EA64008EE769 /* AppRouter.swift in Sources */ = {isa = PBXBuildFile; fileRef = 18BE6F6C3024EA64008EE769 /* AppRouter.swift */; };
		18BE6F6F3024EA74008EE769 /* RootView.swift in Sources */ = {isa = PBXBuildFile; fileRef = 18BE6F6E3024EA74008EE769 /* RootView.swift */; };
		18C6F9CC30278AF3001C905A /* AuthenticationService.swift in Sources */ = {isa = PBXBuildFile; fileRef = 18C6F9CB30278AF3001C905A /* AuthenticationService.swift */; };
		18C6F9CE30278B2F001C905A /* AuthenticationModels.swift in Sources */ = {isa = PBXBuildFile; fileRef = 18C6F9CD30278B2F001C905A /* AuthenticationModels.swift */; };
		18C6F9D030278C20001C905A /* APIAuthenticationService.swift in Sources */ = {isa = PBXBuildFile; fileRef = 18C6F9CF30278C20001C905A /* APIAuthenticationService.swift */; };
		18C6F9D4302795BD001C905A /* NoContentResponse.swift in Sources */ = {isa = PBXBuildFile; fileRef = 18C6F9D3302795BD001C905A /* NoContentResponse.swift */; };
		18C6F9D630279B58001C905A /* AppleAuthenticationProvider.swift in Sources */ = {isa = PBXBuildFile; fileRef = 18C6F9D530279B58001C905A /* AppleAuthenticationProvider.swift */; };
		18C6F9DD30279E42001C905A /* SystemAppleAuthenticationProvider.swift in Sources */ = {isa = PBXBuildFile; fileRef = 18C6F9DC30279E42001C905A /* SystemAppleAuthenticationProvider.swift */; };
		18E6CF3630288BC200EFA132 /* AuthenticationViewModel.swift in Sources */ = {isa = PBXBuildFile; fileRef = 18E6CF3530288BC200EFA132 /* AuthenticationViewModel.swift */; };
		18E6CF5B30288C9B00EFA132 /* AppContainerTests.swift in Sources */ = {isa = PBXBuildFile; fileRef = 18E6CF4D30288C9B00EFA132 /* AppContainerTests.swift */; };
		18E6CF5C30288C9B00EFA132 /* MockAPIClient.swift in Sources */ = {isa = PBXBuildFile; fileRef = 18E6CF4E30288C9B00EFA132 /* MockAPIClient.swift */; };
		18E6CF5D30288C9B00EFA132 /* APIAuthenticationServiceTests.swift in Sources */ = {isa = PBXBuildFile; fileRef = 18E6CF5030288C9B00EFA132 /* APIAuthenticationServiceTests.swift */; };
		18E6CF5E30288C9B00EFA132 /* AppleAuthenticationProviderTests.swift in Sources */ = {isa = PBXBuildFile; fileRef = 18E6CF5130288C9B00EFA132 /* AppleAuthenticationProviderTests.swift */; };
		18E6CF5F30288C9B00EFA132 /* MockAppleAuthenticationProvider.swift in Sources */ = {isa = PBXBuildFile; fileRef = 18E6CF5230288C9B00EFA132 /* MockAppleAuthenticationProvider.swift */; };
		18E6CF6030288C9B00EFA132 /* MockAuthenticationService.swift in Sources */ = {isa = PBXBuildFile; fileRef = 18E6CF5330288C9B00EFA132 /* MockAuthenticationService.swift */; };
		18E6CF6130288C9B00EFA132 /* SessionManagerTests.swift in Sources */ = {isa = PBXBuildFile; fileRef = 18E6CF5430288C9B00EFA132 /* SessionManagerTests.swift */; };
		18E6CF6230288C9B00EFA132 /* TokenStoreTests.swift in Sources */ = {isa = PBXBuildFile; fileRef = 18E6CF5530288C9B00EFA132 /* TokenStoreTests.swift */; };
		18E6CF6330288C9B00EFA132 /* APIClientTests.swift in Sources */ = {isa = PBXBuildFile; fileRef = 18E6CF5730288C9B00EFA132 /* APIClientTests.swift */; };
		18E6CF6830288CC500EFA132 /* ClosetAIUITests.swift in Sources */ = {isa = PBXBuildFile; fileRef = 18E6CF6530288CC500EFA132 /* ClosetAIUITests.swift */; };
		18E6CF6930288CC500EFA132 /* ClosetAIUITestsLaunchTests.swift in Sources */ = {isa = PBXBuildFile; fileRef = 18E6CF6630288CC500EFA132 /* ClosetAIUITestsLaunchTests.swift */; };
		18E6CF6C30288D1200EFA132 /* AuthenticationViewModelTests.swift in Sources */ = {isa = PBXBuildFile; fileRef = 18E6CF6B30288D1200EFA132 /* AuthenticationViewModelTests.swift */; };
		18E6CF6E30288E0A00EFA132 /* MockTokenStore.swift in Sources */ = {isa = PBXBuildFile; fileRef = 18E6CF6D30288E0A00EFA132 /* MockTokenStore.swift */; };
		18E6CF70302894D300EFA132 /* UnavailableAppleAuthenticationProvider.swift in Sources */ = {isa = PBXBuildFile; fileRef = 18E6CF6F302894D300EFA132 /* UnavailableAppleAuthenticationProvider.swift */; };
		18E6CF723028AC0800EFA132 /* DevelopmentAppleAuthenticationProvider.swift in Sources */ = {isa = PBXBuildFile; fileRef = 18E6CF713028AC0800EFA132 /* DevelopmentAppleAuthenticationProvider.swift */; };
		18E6CF743028AC8900EFA132 /* DevelopmentAuthenticationService.swift in Sources */ = {isa = PBXBuildFile; fileRef = 18E6CF733028AC8900EFA132 /* DevelopmentAuthenticationService.swift */; };
		18E6CF763028C1B700EFA132 /* SessionRefreshing.swift in Sources */ = {isa = PBXBuildFile; fileRef = 18E6CF753028C1B700EFA132 /* SessionRefreshing.swift */; };
		18E6CF783028C26C00EFA132 /* AuthorizationHeader.swift in Sources */ = {isa = PBXBuildFile; fileRef = 18E6CF773028C26C00EFA132 /* AuthorizationHeader.swift */; };
		18E6CF7A3028C2E800EFA132 /* AccessTokenProviding.swift in Sources */ = {isa = PBXBuildFile; fileRef = 18E6CF793028C2E800EFA132 /* AccessTokenProviding.swift */; };
		18E6CF7C3028DA5500EFA132 /* AuthenticatedAPIClient.swift in Sources */ = {isa = PBXBuildFile; fileRef = 18E6CF7B3028DA5500EFA132 /* AuthenticatedAPIClient.swift */; };
		18E6CF7E3028DADD00EFA132 /* AuthenticatedAPIClientTests.swift in Sources */ = {isa = PBXBuildFile; fileRef = 18E6CF7D3028DADD00EFA132 /* AuthenticatedAPIClientTests.swift */; };
		18E6CF803028DC3000EFA132 /* MockAccessTokenProvider.swift in Sources */ = {isa = PBXBuildFile; fileRef = 18E6CF7F3028DC3000EFA132 /* MockAccessTokenProvider.swift */; };
		18E6CF813028DCD200EFA132 /* AccessTokenProviding.swift in Sources */ = {isa = PBXBuildFile; fileRef = 18E6CF793028C2E800EFA132 /* AccessTokenProviding.swift */; };
		18E6CF843028E19A00EFA132 /* CurrentUser.swift in Sources */ = {isa = PBXBuildFile; fileRef = 18E6CF833028E19A00EFA132 /* CurrentUser.swift */; };
		18E6CF863028E1B200EFA132 /* UserService.swift in Sources */ = {isa = PBXBuildFile; fileRef = 18E6CF853028E1B200EFA132 /* UserService.swift */; };
		18E6CF883028E1D000EFA132 /* APIUserService.swift in Sources */ = {isa = PBXBuildFile; fileRef = 18E6CF873028E1D000EFA132 /* APIUserService.swift */; };
		18E6CF8A3028E4CF00EFA132 /* HomeViewModel.swift in Sources */ = {isa = PBXBuildFile; fileRef = 18E6CF893028E4CF00EFA132 /* HomeViewModel.swift */; };
		18E6CF8C3028EAB100EFA132 /* DevelopmentUserService.swift in Sources */ = {isa = PBXBuildFile; fileRef = 18E6CF8B3028EAB100EFA132 /* DevelopmentUserService.swift */; };
		18E6CF903028ED2200EFA132 /* WardrobeCategory.swift in Sources */ = {isa = PBXBuildFile; fileRef = 18E6CF8F3028ED2200EFA132 /* WardrobeCategory.swift */; };
		18E6CF923028ED3100EFA132 /* WardrobeAttributes.swift in Sources */ = {isa = PBXBuildFile; fileRef = 18E6CF913028ED3100EFA132 /* WardrobeAttributes.swift */; };
		18E6CF943028ED4100EFA132 /* WardrobeImage.swift in Sources */ = {isa = PBXBuildFile; fileRef = 18E6CF933028ED4100EFA132 /* WardrobeImage.swift */; };
		18E6CF963028ED4E00EFA132 /* WardrobeItem.swift in Sources */ = {isa = PBXBuildFile; fileRef = 18E6CF953028ED4E00EFA132 /* WardrobeItem.swift */; };
		18E6CF9A3028EE2500EFA132 /* WardrobeService.swift in Sources */ = {isa = PBXBuildFile; fileRef = 18E6CF993028EE2500EFA132 /* WardrobeService.swift */; };
		18E6CF9C3028EE6300EFA132 /* DevelopmentWardrobeService.swift in Sources */ = {isa = PBXBuildFile; fileRef = 18E6CF9B3028EE6300EFA132 /* DevelopmentWardrobeService.swift */; };
		18E6CF9E3028EE9C00EFA132 /* WardrobeViewModel.swift in Sources */ = {isa = PBXBuildFile; fileRef = 18E6CF9D3028EE9C00EFA132 /* WardrobeViewModel.swift */; };
		18E6CFA03028EED500EFA132 /* WardrobeView.swift in Sources */ = {isa = PBXBuildFile; fileRef = 18E6CF9F3028EED500EFA132 /* WardrobeView.swift */; };
		18E6CFA23028F18800EFA132 /* WardrobeFilter.swift in Sources */ = {isa = PBXBuildFile; fileRef = 18E6CFA13028F18800EFA132 /* WardrobeFilter.swift */; };
		18E6CFA43028F30600EFA132 /* WardrobeAnalysis.swift in Sources */ = {isa = PBXBuildFile; fileRef = 18E6CFA33028F30600EFA132 /* WardrobeAnalysis.swift */; };
		18E6CFAA3028F3A900EFA132 /* DevelopmentWardrobeAIService.swift in Sources */ = {isa = PBXBuildFile; fileRef = 18E6CFA93028F3A900EFA132 /* DevelopmentWardrobeAIService.swift */; };
		18E6CFAC3028F3D700EFA132 /* WardrobeAIService.swift in Sources */ = {isa = PBXBuildFile; fileRef = 18E6CFAB3028F3D700EFA132 /* WardrobeAIService.swift */; };
		18E6CFAE3028F47500EFA132 /* WardrobeScannerViewModel.swift in Sources */ = {isa = PBXBuildFile; fileRef = 18E6CFAD3028F47500EFA132 /* WardrobeScannerViewModel.swift */; };
		18E6CFB13028F4F900EFA132 /* WardrobeScannerView.swift in Sources */ = {isa = PBXBuildFile; fileRef = 18E6CFB03028F4F900EFA132 /* WardrobeScannerView.swift */; };
		18E6CFB33028F94A00EFA132 /* FoundationModelsWardrobeAIService.swift in Sources */ = {isa = PBXBuildFile; fileRef = 18E6CFB23028F94A00EFA132 /* FoundationModelsWardrobeAIService.swift */; };
		18E6CFB53028F97D00EFA132 /* AIWardrobeAnalysis.swift in Sources */ = {isa = PBXBuildFile; fileRef = 18E6CFB43028F97D00EFA132 /* AIWardrobeAnalysis.swift */; };
		18E6CFB73028FBE100EFA132 /* VisionWardrobeAIService.swift in Sources */ = {isa = PBXBuildFile; fileRef = 18E6CFB63028FBE100EFA132 /* VisionWardrobeAIService.swift */; };
/* End PBXBuildFile section */

/* Begin PBXContainerItemProxy section */
		18BE6F373024E27E008EE769 /* PBXContainerItemProxy */ = {
			isa = PBXContainerItemProxy;
			containerPortal = 18BE6F213024E27C008EE769 /* Project object */;
			proxyType = 1;
			remoteGlobalIDString = 18BE6F283024E27C008EE769;
			remoteInfo = ClosetAI;
		};
		18BE6F413024E27E008EE769 /* PBXContainerItemProxy */ = {
			isa = PBXContainerItemProxy;
			containerPortal = 18BE6F213024E27C008EE769 /* Project object */;
			proxyType = 1;
			remoteGlobalIDString = 18BE6F283024E27C008EE769;
			remoteInfo = ClosetAI;
		};
/* End PBXContainerItemProxy section */

/* Begin PBXFileReference section */
		180C0F3C3026FC010074A5A8 /* HTTPMethod.swift */ = {isa = PBXFileReference; lastKnownFileType = sourcecode.swift; path = HTTPMethod.swift; sourceTree = "<group>"; };
		180C0F3E3026FC4C0074A5A8 /* APIRequest.swift */ = {isa = PBXFileReference; lastKnownFileType = sourcecode.swift; path = APIRequest.swift; sourceTree = "<group>"; };
		180C0F403026FCB60074A5A8 /* NetworkError.swift */ = {isa = PBXFileReference; lastKnownFileType = sourcecode.swift; path = NetworkError.swift; sourceTree = "<group>"; };
		180C0F423026FD070074A5A8 /* APIClient.swift */ = {isa = PBXFileReference; lastKnownFileType = sourcecode.swift; path = APIClient.swift; sourceTree = "<group>"; };
		180C0F593027440B0074A5A8 /* AuthenticationState.swift */ = {isa = PBXFileReference; lastKnownFileType = sourcecode.swift; path = AuthenticationState.swift; sourceTree = "<group>"; };
		180C0F5B302744480074A5A8 /* TokenStore.swift */ = {isa = PBXFileReference; lastKnownFileType = sourcecode.swift; path = TokenStore.swift; sourceTree = "<group>"; };
		180C0F61302746920074A5A8 /* SessionManager.swift */ = {isa = PBXFileReference; lastKnownFileType = sourcecode.swift; path = SessionManager.swift; sourceTree = "<group>"; };
		180C0F67302749E90074A5A8 /* AuthenticationView.swift */ = {isa = PBXFileReference; lastKnownFileType = sourcecode.swift; path = AuthenticationView.swift; sourceTree = "<group>"; };
		180C0F6A30274A130074A5A8 /* HomeView.swift */ = {isa = PBXFileReference; lastKnownFileType = sourcecode.swift; path = HomeView.swift; sourceTree = "<group>"; };
		18BE6F293024E27C008EE769 /* ClosetAI.app */ = {isa = PBXFileReference; explicitFileType = wrapper.application; includeInIndex = 0; path = ClosetAI.app; sourceTree = BUILT_PRODUCTS_DIR; };
		18BE6F363024E27E008EE769 /* ClosetAITests.xctest */ = {isa = PBXFileReference; explicitFileType = wrapper.cfbundle; includeInIndex = 0; path = ClosetAITests.xctest; sourceTree = BUILT_PRODUCTS_DIR; };
		18BE6F403024E27E008EE769 /* ClosetAIUITests.xctest */ = {isa = PBXFileReference; explicitFileType = wrapper.cfbundle; includeInIndex = 0; path = ClosetAIUITests.xctest; sourceTree = BUILT_PRODUCTS_DIR; };
		18BE6F613024E9EB008EE769 /* Assets.xcassets */ = {isa = PBXFileReference; lastKnownFileType = folder.assetcatalog; path = Assets.xcassets; sourceTree = "<group>"; };
		18BE6F623024E9EB008EE769 /* ClosetAIApp.swift */ = {isa = PBXFileReference; lastKnownFileType = sourcecode.swift; path = ClosetAIApp.swift; sourceTree = "<group>"; };
		18BE6F683024EA42008EE769 /* AppContainer.swift */ = {isa = PBXFileReference; lastKnownFileType = sourcecode.swift; path = AppContainer.swift; sourceTree = "<group>"; };
		18BE6F6A3024EA51008EE769 /* AppEnvironment.swift */ = {isa = PBXFileReference; lastKnownFileType = sourcecode.swift; path = AppEnvironment.swift; sourceTree = "<group>"; };
		18BE6F6C3024EA64008EE769 /* AppRouter.swift */ = {isa = PBXFileReference; lastKnownFileType = sourcecode.swift; path = AppRouter.swift; sourceTree = "<group>"; };
		18BE6F6E3024EA74008EE769 /* RootView.swift */ = {isa = PBXFileReference; lastKnownFileType = sourcecode.swift; path = RootView.swift; sourceTree = "<group>"; };
		18C6F9CB30278AF3001C905A /* AuthenticationService.swift */ = {isa = PBXFileReference; lastKnownFileType = sourcecode.swift; path = AuthenticationService.swift; sourceTree = "<group>"; };
		18C6F9CD30278B2F001C905A /* AuthenticationModels.swift */ = {isa = PBXFileReference; lastKnownFileType = sourcecode.swift; path = AuthenticationModels.swift; sourceTree = "<group>"; };
		18C6F9CF30278C20001C905A /* APIAuthenticationService.swift */ = {isa = PBXFileReference; lastKnownFileType = sourcecode.swift; path = APIAuthenticationService.swift; sourceTree = "<group>"; };
		18C6F9D3302795BD001C905A /* NoContentResponse.swift */ = {isa = PBXFileReference; lastKnownFileType = sourcecode.swift; path = NoContentResponse.swift; sourceTree = "<group>"; };
		18C6F9D530279B58001C905A /* AppleAuthenticationProvider.swift */ = {isa = PBXFileReference; lastKnownFileType = sourcecode.swift; path = AppleAuthenticationProvider.swift; sourceTree = "<group>"; };
		18C6F9DC30279E42001C905A /* SystemAppleAuthenticationProvider.swift */ = {isa = PBXFileReference; lastKnownFileType = sourcecode.swift; path = SystemAppleAuthenticationProvider.swift; sourceTree = "<group>"; };
		18E6CF3530288BC200EFA132 /* AuthenticationViewModel.swift */ = {isa = PBXFileReference; lastKnownFileType = sourcecode.swift; path = AuthenticationViewModel.swift; sourceTree = "<group>"; };
		18E6CF4D30288C9B00EFA132 /* AppContainerTests.swift */ = {isa = PBXFileReference; lastKnownFileType = sourcecode.swift; path = AppContainerTests.swift; sourceTree = "<group>"; };
		18E6CF4E30288C9B00EFA132 /* MockAPIClient.swift */ = {isa = PBXFileReference; lastKnownFileType = sourcecode.swift; path = MockAPIClient.swift; sourceTree = "<group>"; };
		18E6CF5030288C9B00EFA132 /* APIAuthenticationServiceTests.swift */ = {isa = PBXFileReference; lastKnownFileType = sourcecode.swift; path = APIAuthenticationServiceTests.swift; sourceTree = "<group>"; };
		18E6CF5130288C9B00EFA132 /* AppleAuthenticationProviderTests.swift */ = {isa = PBXFileReference; lastKnownFileType = sourcecode.swift; path = AppleAuthenticationProviderTests.swift; sourceTree = "<group>"; };
		18E6CF5230288C9B00EFA132 /* MockAppleAuthenticationProvider.swift */ = {isa = PBXFileReference; lastKnownFileType = sourcecode.swift; path = MockAppleAuthenticationProvider.swift; sourceTree = "<group>"; };
		18E6CF5330288C9B00EFA132 /* MockAuthenticationService.swift */ = {isa = PBXFileReference; lastKnownFileType = sourcecode.swift; path = MockAuthenticationService.swift; sourceTree = "<group>"; };
		18E6CF5430288C9B00EFA132 /* SessionManagerTests.swift */ = {isa = PBXFileReference; lastKnownFileType = sourcecode.swift; path = SessionManagerTests.swift; sourceTree = "<group>"; };
		18E6CF5530288C9B00EFA132 /* TokenStoreTests.swift */ = {isa = PBXFileReference; lastKnownFileType = sourcecode.swift; path = TokenStoreTests.swift; sourceTree = "<group>"; };
		18E6CF5730288C9B00EFA132 /* APIClientTests.swift */ = {isa = PBXFileReference; lastKnownFileType = sourcecode.swift; path = APIClientTests.swift; sourceTree = "<group>"; };
		18E6CF6530288CC500EFA132 /* ClosetAIUITests.swift */ = {isa = PBXFileReference; lastKnownFileType = sourcecode.swift; path = ClosetAIUITests.swift; sourceTree = "<group>"; };
		18E6CF6630288CC500EFA132 /* ClosetAIUITestsLaunchTests.swift */ = {isa = PBXFileReference; lastKnownFileType = sourcecode.swift; path = ClosetAIUITestsLaunchTests.swift; sourceTree = "<group>"; };
		18E6CF6B30288D1200EFA132 /* AuthenticationViewModelTests.swift */ = {isa = PBXFileReference; lastKnownFileType = sourcecode.swift; path = AuthenticationViewModelTests.swift; sourceTree = "<group>"; };
		18E6CF6D30288E0A00EFA132 /* MockTokenStore.swift */ = {isa = PBXFileReference; lastKnownFileType = sourcecode.swift; path = MockTokenStore.swift; sourceTree = "<group>"; };
		18E6CF6F302894D300EFA132 /* UnavailableAppleAuthenticationProvider.swift */ = {isa = PBXFileReference; lastKnownFileType = sourcecode.swift; path = UnavailableAppleAuthenticationProvider.swift; sourceTree = "<group>"; };
		18E6CF713028AC0800EFA132 /* DevelopmentAppleAuthenticationProvider.swift */ = {isa = PBXFileReference; lastKnownFileType = sourcecode.swift; path = DevelopmentAppleAuthenticationProvider.swift; sourceTree = "<group>"; };
		18E6CF733028AC8900EFA132 /* DevelopmentAuthenticationService.swift */ = {isa = PBXFileReference; lastKnownFileType = sourcecode.swift; path = DevelopmentAuthenticationService.swift; sourceTree = "<group>"; };
		18E6CF753028C1B700EFA132 /* SessionRefreshing.swift */ = {isa = PBXFileReference; lastKnownFileType = sourcecode.swift; path = SessionRefreshing.swift; sourceTree = "<group>"; };
		18E6CF773028C26C00EFA132 /* AuthorizationHeader.swift */ = {isa = PBXFileReference; lastKnownFileType = sourcecode.swift; path = AuthorizationHeader.swift; sourceTree = "<group>"; };
		18E6CF793028C2E800EFA132 /* AccessTokenProviding.swift */ = {isa = PBXFileReference; lastKnownFileType = sourcecode.swift; path = AccessTokenProviding.swift; sourceTree = "<group>"; };
		18E6CF7B3028DA5500EFA132 /* AuthenticatedAPIClient.swift */ = {isa = PBXFileReference; lastKnownFileType = sourcecode.swift; path = AuthenticatedAPIClient.swift; sourceTree = "<group>"; };
		18E6CF7D3028DADD00EFA132 /* AuthenticatedAPIClientTests.swift */ = {isa = PBXFileReference; lastKnownFileType = sourcecode.swift; path = AuthenticatedAPIClientTests.swift; sourceTree = "<group>"; };
		18E6CF7F3028DC3000EFA132 /* MockAccessTokenProvider.swift */ = {isa = PBXFileReference; lastKnownFileType = sourcecode.swift; path = MockAccessTokenProvider.swift; sourceTree = "<group>"; };
		18E6CF833028E19A00EFA132 /* CurrentUser.swift */ = {isa = PBXFileReference; lastKnownFileType = sourcecode.swift; path = CurrentUser.swift; sourceTree = "<group>"; };
		18E6CF853028E1B200EFA132 /* UserService.swift */ = {isa = PBXFileReference; lastKnownFileType = sourcecode.swift; path = UserService.swift; sourceTree = "<group>"; };
		18E6CF873028E1D000EFA132 /* APIUserService.swift */ = {isa = PBXFileReference; lastKnownFileType = sourcecode.swift; path = APIUserService.swift; sourceTree = "<group>"; };
		18E6CF893028E4CF00EFA132 /* HomeViewModel.swift */ = {isa = PBXFileReference; lastKnownFileType = sourcecode.swift; path = HomeViewModel.swift; sourceTree = "<group>"; };
		18E6CF8B3028EAB100EFA132 /* DevelopmentUserService.swift */ = {isa = PBXFileReference; lastKnownFileType = sourcecode.swift; path = DevelopmentUserService.swift; sourceTree = "<group>"; };
		18E6CF8F3028ED2200EFA132 /* WardrobeCategory.swift */ = {isa = PBXFileReference; lastKnownFileType = sourcecode.swift; path = WardrobeCategory.swift; sourceTree = "<group>"; };
		18E6CF913028ED3100EFA132 /* WardrobeAttributes.swift */ = {isa = PBXFileReference; lastKnownFileType = sourcecode.swift; path = WardrobeAttributes.swift; sourceTree = "<group>"; };
		18E6CF933028ED4100EFA132 /* WardrobeImage.swift */ = {isa = PBXFileReference; lastKnownFileType = sourcecode.swift; path = WardrobeImage.swift; sourceTree = "<group>"; };
		18E6CF953028ED4E00EFA132 /* WardrobeItem.swift */ = {isa = PBXFileReference; lastKnownFileType = sourcecode.swift; path = WardrobeItem.swift; sourceTree = "<group>"; };
		18E6CF993028EE2500EFA132 /* WardrobeService.swift */ = {isa = PBXFileReference; lastKnownFileType = sourcecode.swift; path = WardrobeService.swift; sourceTree = "<group>"; };
		18E6CF9B3028EE6300EFA132 /* DevelopmentWardrobeService.swift */ = {isa = PBXFileReference; lastKnownFileType = sourcecode.swift; path = DevelopmentWardrobeService.swift; sourceTree = "<group>"; };
		18E6CF9D3028EE9C00EFA132 /* WardrobeViewModel.swift */ = {isa = PBXFileReference; lastKnownFileType = sourcecode.swift; path = WardrobeViewModel.swift; sourceTree = "<group>"; };
		18E6CF9F3028EED500EFA132 /* WardrobeView.swift */ = {isa = PBXFileReference; lastKnownFileType = sourcecode.swift; path = WardrobeView.swift; sourceTree = "<group>"; };
		18E6CFA13028F18800EFA132 /* WardrobeFilter.swift */ = {isa = PBXFileReference; lastKnownFileType = sourcecode.swift; path = WardrobeFilter.swift; sourceTree = "<group>"; };
		18E6CFA33028F30600EFA132 /* WardrobeAnalysis.swift */ = {isa = PBXFileReference; lastKnownFileType = sourcecode.swift; path = WardrobeAnalysis.swift; sourceTree = "<group>"; };
		18E6CFA93028F3A900EFA132 /* DevelopmentWardrobeAIService.swift */ = {isa = PBXFileReference; lastKnownFileType = sourcecode.swift; path = DevelopmentWardrobeAIService.swift; sourceTree = "<group>"; };
		18E6CFAB3028F3D700EFA132 /* WardrobeAIService.swift */ = {isa = PBXFileReference; lastKnownFileType = sourcecode.swift; path = WardrobeAIService.swift; sourceTree = "<group>"; };
		18E6CFAD3028F47500EFA132 /* WardrobeScannerViewModel.swift */ = {isa = PBXFileReference; lastKnownFileType = sourcecode.swift; path = WardrobeScannerViewModel.swift; sourceTree = "<group>"; };
		18E6CFB03028F4F900EFA132 /* WardrobeScannerView.swift */ = {isa = PBXFileReference; lastKnownFileType = sourcecode.swift; path = WardrobeScannerView.swift; sourceTree = "<group>"; };
		18E6CFB23028F94A00EFA132 /* FoundationModelsWardrobeAIService.swift */ = {isa = PBXFileReference; lastKnownFileType = sourcecode.swift; path = FoundationModelsWardrobeAIService.swift; sourceTree = "<group>"; };
		18E6CFB43028F97D00EFA132 /* AIWardrobeAnalysis.swift */ = {isa = PBXFileReference; lastKnownFileType = sourcecode.swift; path = AIWardrobeAnalysis.swift; sourceTree = "<group>"; };
		18E6CFB63028FBE100EFA132 /* VisionWardrobeAIService.swift */ = {isa = PBXFileReference; lastKnownFileType = sourcecode.swift; path = VisionWardrobeAIService.swift; sourceTree = "<group>"; };
/* End PBXFileReference section */

/* Begin PBXFrameworksBuildPhase section */
		18BE6F263024E27C008EE769 /* Frameworks */ = {
			isa = PBXFrameworksBuildPhase;
			buildActionMask = 2147483647;
			files = (
			);
			runOnlyForDeploymentPostprocessing = 0;
		};
		18BE6F333024E27E008EE769 /* Frameworks */ = {
			isa = PBXFrameworksBuildPhase;
			buildActionMask = 2147483647;
			files = (
			);
			runOnlyForDeploymentPostprocessing = 0;
		};
		18BE6F3D3024E27E008EE769 /* Frameworks */ = {
			isa = PBXFrameworksBuildPhase;
			buildActionMask = 2147483647;
			files = (
			);
			runOnlyForDeploymentPostprocessing = 0;
		};
/* End PBXFrameworksBuildPhase section */

/* Begin PBXGroup section */
		180C0F3B3026FB8B0074A5A8 /* Networking */ = {
			isa = PBXGroup;
			children = (
				180C0F3C3026FC010074A5A8 /* HTTPMethod.swift */,
				180C0F3E3026FC4C0074A5A8 /* APIRequest.swift */,
				180C0F403026FCB60074A5A8 /* NetworkError.swift */,
				180C0F423026FD070074A5A8 /* APIClient.swift */,
				18C6F9D3302795BD001C905A /* NoContentResponse.swift */,
				18E6CF773028C26C00EFA132 /* AuthorizationHeader.swift */,
				18E6CF7B3028DA5500EFA132 /* AuthenticatedAPIClient.swift */,
			);
			path = Networking;
			sourceTree = "<group>";
		};
		180C0F58302743F80074A5A8 /* Authentication */ = {
			isa = PBXGroup;
			children = (
				180C0F593027440B0074A5A8 /* AuthenticationState.swift */,
				180C0F5B302744480074A5A8 /* TokenStore.swift */,
				180C0F61302746920074A5A8 /* SessionManager.swift */,
				18C6F9CB30278AF3001C905A /* AuthenticationService.swift */,
				18C6F9CD30278B2F001C905A /* AuthenticationModels.swift */,
				18C6F9CF30278C20001C905A /* APIAuthenticationService.swift */,
				18C6F9D530279B58001C905A /* AppleAuthenticationProvider.swift */,
				18C6F9DC30279E42001C905A /* SystemAppleAuthenticationProvider.swift */,
				18E6CF6F302894D300EFA132 /* UnavailableAppleAuthenticationProvider.swift */,
				18E6CF713028AC0800EFA132 /* DevelopmentAppleAuthenticationProvider.swift */,
				18E6CF733028AC8900EFA132 /* DevelopmentAuthenticationService.swift */,
				18E6CF753028C1B700EFA132 /* SessionRefreshing.swift */,
				18E6CF793028C2E800EFA132 /* AccessTokenProviding.swift */,
			);
			path = Authentication;
			sourceTree = "<group>";
		};
		180C0F66302749D60074A5A8 /* Authentication */ = {
			isa = PBXGroup;
			children = (
				18E6CF3430288BA600EFA132 /* ViewModels */,
				18E6CF3330288B9100EFA132 /* Views */,
			);
			path = Authentication;
			sourceTree = "<group>";
		};
		180C0F69302749FE0074A5A8 /* Home */ = {
			isa = PBXGroup;
			children = (
				180C0F6A30274A130074A5A8 /* HomeView.swift */,
				18E6CF893028E4CF00EFA132 /* HomeViewModel.swift */,
			);
			path = Home;
			sourceTree = "<group>";
		};
		18BE6F203024E27C008EE769 = {
			isa = PBXGroup;
			children = (
				18BE6F643024E9EB008EE769 /* ClosetAI */,
				18E6CF5A30288C9B00EFA132 /* ClosetAITests */,
				18E6CF6730288CC500EFA132 /* ClosetAIUITests */,
				18BE6F2A3024E27C008EE769 /* Products */,
			);
			sourceTree = "<group>";
		};
		18BE6F2A3024E27C008EE769 /* Products */ = {
			isa = PBXGroup;
			children = (
				18BE6F293024E27C008EE769 /* ClosetAI.app */,
				18BE6F363024E27E008EE769 /* ClosetAITests.xctest */,
				18BE6F403024E27E008EE769 /* ClosetAIUITests.xctest */,
			);
			name = Products;
			sourceTree = "<group>";
		};
		18BE6F5B3024E9EB008EE769 /* App */ = {
			isa = PBXGroup;
			children = (
				18BE6F623024E9EB008EE769 /* ClosetAIApp.swift */,
				18BE6F683024EA42008EE769 /* AppContainer.swift */,
				18BE6F6E3024EA74008EE769 /* RootView.swift */,
				18BE6F6C3024EA64008EE769 /* AppRouter.swift */,
				18BE6F6A3024EA51008EE769 /* AppEnvironment.swift */,
			);
			path = App;
			sourceTree = "<group>";
		};
		18BE6F5C3024E9EB008EE769 /* Core */ = {
			isa = PBXGroup;
			children = (
				18E6CF823028E18900EFA132 /* User */,
				180C0F58302743F80074A5A8 /* Authentication */,
				180C0F3B3026FB8B0074A5A8 /* Networking */,
			);
			path = Core;
			sourceTree = "<group>";
		};
		18BE6F5D3024E9EB008EE769 /* DesignSystem */ = {
			isa = PBXGroup;
			children = (
			);
			path = DesignSystem;
			sourceTree = "<group>";
		};
		18BE6F5E3024E9EB008EE769 /* Features */ = {
			isa = PBXGroup;
			children = (
				18E6CFAF3028F48600EFA132 /* Wardrobe */,
				180C0F69302749FE0074A5A8 /* Home */,
				180C0F66302749D60074A5A8 /* Authentication */,
			);
			path = Features;
			sourceTree = "<group>";
		};
		18BE6F5F3024E9EB008EE769 /* Resources */ = {
			isa = PBXGroup;
			children = (
				18BE6F613024E9EB008EE769 /* Assets.xcassets */,
			);
			path = Resources;
			sourceTree = "<group>";
		};
		18BE6F603024E9EB008EE769 /* Shared */ = {
			isa = PBXGroup;
			children = (
			);
			path = Shared;
			sourceTree = "<group>";
		};
		18BE6F643024E9EB008EE769 /* ClosetAI */ = {
			isa = PBXGroup;
			children = (
				18BE6F5B3024E9EB008EE769 /* App */,
				18BE6F5C3024E9EB008EE769 /* Core */,
				18BE6F5D3024E9EB008EE769 /* DesignSystem */,
				18BE6F5E3024E9EB008EE769 /* Features */,
				18E6CF973028EE0C00EFA132 /* Services */,
				18E6CF8D3028ED0300EFA132 /* Domain */,
				18BE6F5F3024E9EB008EE769 /* Resources */,
				18BE6F603024E9EB008EE769 /* Shared */,
			);
			path = ClosetAI;
			sourceTree = "<group>";
		};
		18E6CF3330288B9100EFA132 /* Views */ = {
			isa = PBXGroup;
			children = (
				180C0F67302749E90074A5A8 /* AuthenticationView.swift */,
			);
			path = Views;
			sourceTree = "<group>";
		};
		18E6CF3430288BA600EFA132 /* ViewModels */ = {
			isa = PBXGroup;
			children = (
				18E6CF3530288BC200EFA132 /* AuthenticationViewModel.swift */,
			);
			path = ViewModels;
			sourceTree = "<group>";
		};
		18E6CF4F30288C9B00EFA132 /* App */ = {
			isa = PBXGroup;
			children = (
				18E6CF4D30288C9B00EFA132 /* AppContainerTests.swift */,
				18E6CF4E30288C9B00EFA132 /* MockAPIClient.swift */,
			);
			path = App;
			sourceTree = "<group>";
		};
		18E6CF5630288C9B00EFA132 /* Authentication */ = {
			isa = PBXGroup;
			children = (
				18E6CF5030288C9B00EFA132 /* APIAuthenticationServiceTests.swift */,
				18E6CF5130288C9B00EFA132 /* AppleAuthenticationProviderTests.swift */,
				18E6CF5230288C9B00EFA132 /* MockAppleAuthenticationProvider.swift */,
				18E6CF5330288C9B00EFA132 /* MockAuthenticationService.swift */,
				18E6CF5430288C9B00EFA132 /* SessionManagerTests.swift */,
				18E6CF5530288C9B00EFA132 /* TokenStoreTests.swift */,
				18E6CF6D30288E0A00EFA132 /* MockTokenStore.swift */,
			);
			path = Authentication;
			sourceTree = "<group>";
		};
		18E6CF5830288C9B00EFA132 /* Networking */ = {
			isa = PBXGroup;
			children = (
				18E6CF5730288C9B00EFA132 /* APIClientTests.swift */,
				18E6CF7D3028DADD00EFA132 /* AuthenticatedAPIClientTests.swift */,
				18E6CF7F3028DC3000EFA132 /* MockAccessTokenProvider.swift */,
			);
			path = Networking;
			sourceTree = "<group>";
		};
		18E6CF5930288C9B00EFA132 /* Core */ = {
			isa = PBXGroup;
			children = (
				18E6CF5630288C9B00EFA132 /* Authentication */,
				18E6CF5830288C9B00EFA132 /* Networking */,
			);
			path = Core;
			sourceTree = "<group>";
		};
		18E6CF5A30288C9B00EFA132 /* ClosetAITests */ = {
			isa = PBXGroup;
			children = (
				18E6CF4F30288C9B00EFA132 /* App */,
				18E6CF5930288C9B00EFA132 /* Core */,
				18E6CF6430288C9E00EFA132 /* Features */,
			);
			path = ClosetAITests;
			sourceTree = "<group>";
		};
		18E6CF6430288C9E00EFA132 /* Features */ = {
			isa = PBXGroup;
			children = (
				18E6CF6A30288CE400EFA132 /* Authentication */,
			);
			path = Features;
			sourceTree = "<group>";
		};
		18E6CF6730288CC500EFA132 /* ClosetAIUITests */ = {
			isa = PBXGroup;
			children = (
				18E6CF6530288CC500EFA132 /* ClosetAIUITests.swift */,
				18E6CF6630288CC500EFA132 /* ClosetAIUITestsLaunchTests.swift */,
			);
			path = ClosetAIUITests;
			sourceTree = "<group>";
		};
		18E6CF6A30288CE400EFA132 /* Authentication */ = {
			isa = PBXGroup;
			children = (
				18E6CF6B30288D1200EFA132 /* AuthenticationViewModelTests.swift */,
			);
			path = Authentication;
			sourceTree = "<group>";
		};
		18E6CF823028E18900EFA132 /* User */ = {
			isa = PBXGroup;
			children = (
				18E6CF833028E19A00EFA132 /* CurrentUser.swift */,
				18E6CF853028E1B200EFA132 /* UserService.swift */,
				18E6CF873028E1D000EFA132 /* APIUserService.swift */,
				18E6CF8B3028EAB100EFA132 /* DevelopmentUserService.swift */,
			);
			path = User;
			sourceTree = "<group>";
		};
		18E6CF8D3028ED0300EFA132 /* Domain */ = {
			isa = PBXGroup;
			children = (
				18E6CF8E3028ED0F00EFA132 /* Wardrobe */,
			);
			path = Domain;
			sourceTree = "<group>";
		};
		18E6CF8E3028ED0F00EFA132 /* Wardrobe */ = {
			isa = PBXGroup;
			children = (
				18E6CF8F3028ED2200EFA132 /* WardrobeCategory.swift */,
				18E6CF913028ED3100EFA132 /* WardrobeAttributes.swift */,
				18E6CF933028ED4100EFA132 /* WardrobeImage.swift */,
				18E6CF953028ED4E00EFA132 /* WardrobeItem.swift */,
				18E6CFA13028F18800EFA132 /* WardrobeFilter.swift */,
				18E6CFA33028F30600EFA132 /* WardrobeAnalysis.swift */,
				18E6CFB43028F97D00EFA132 /* AIWardrobeAnalysis.swift */,
			);
			path = Wardrobe;
			sourceTree = "<group>";
		};
		18E6CF973028EE0C00EFA132 /* Services */ = {
			isa = PBXGroup;
			children = (
				18E6CF983028EE1500EFA132 /* Wardrobe */,
			);
			path = Services;
			sourceTree = "<group>";
		};
		18E6CF983028EE1500EFA132 /* Wardrobe */ = {
			isa = PBXGroup;
			children = (
				18E6CF993028EE2500EFA132 /* WardrobeService.swift */,
				18E6CF9B3028EE6300EFA132 /* DevelopmentWardrobeService.swift */,
				18E6CFA93028F3A900EFA132 /* DevelopmentWardrobeAIService.swift */,
				18E6CFAB3028F3D700EFA132 /* WardrobeAIService.swift */,
				18E6CFB23028F94A00EFA132 /* FoundationModelsWardrobeAIService.swift */,
				18E6CFB63028FBE100EFA132 /* VisionWardrobeAIService.swift */,
			);
			path = Wardrobe;
			sourceTree = "<group>";
		};
		18E6CFAF3028F48600EFA132 /* Wardrobe */ = {
			isa = PBXGroup;
			children = (
				18E6CF9F3028EED500EFA132 /* WardrobeView.swift */,
				18E6CF9D3028EE9C00EFA132 /* WardrobeViewModel.swift */,
				18E6CFAD3028F47500EFA132 /* WardrobeScannerViewModel.swift */,
				18E6CFB03028F4F900EFA132 /* WardrobeScannerView.swift */,
			);
			path = Wardrobe;
			sourceTree = "<group>";
		};
/* End PBXGroup section */

/* Begin PBXNativeTarget section */
		18BE6F283024E27C008EE769 /* ClosetAI */ = {
			isa = PBXNativeTarget;
			buildConfigurationList = 18BE6F4A3024E27E008EE769 /* Build configuration list for PBXNativeTarget "ClosetAI" */;
			buildPhases = (
				18BE6F253024E27C008EE769 /* Sources */,
				18BE6F263024E27C008EE769 /* Frameworks */,
				18BE6F273024E27C008EE769 /* Resources */,
			);
			buildRules = (
			);
			dependencies = (
			);
			name = ClosetAI;
			packageProductDependencies = (
			);
			productName = ClosetAI;
			productReference = 18BE6F293024E27C008EE769 /* ClosetAI.app */;
			productType = "com.apple.product-type.application";
		};
		18BE6F353024E27E008EE769 /* ClosetAITests */ = {
			isa = PBXNativeTarget;
			buildConfigurationList = 18BE6F4D3024E27E008EE769 /* Build configuration list for PBXNativeTarget "ClosetAITests" */;
			buildPhases = (
				18BE6F323024E27E008EE769 /* Sources */,
				18BE6F333024E27E008EE769 /* Frameworks */,
				18BE6F343024E27E008EE769 /* Resources */,
			);
			buildRules = (
			);
			dependencies = (
				18BE6F383024E27E008EE769 /* PBXTargetDependency */,
			);
			name = ClosetAITests;
			packageProductDependencies = (
			);
			productName = ClosetAITests;
			productReference = 18BE6F363024E27E008EE769 /* ClosetAITests.xctest */;
			productType = "com.apple.product-type.bundle.unit-test";
		};
		18BE6F3F3024E27E008EE769 /* ClosetAIUITests */ = {
			isa = PBXNativeTarget;
			buildConfigurationList = 18BE6F503024E27E008EE769 /* Build configuration list for PBXNativeTarget "ClosetAIUITests" */;
			buildPhases = (
				18BE6F3C3024E27E008EE769 /* Sources */,
				18BE6F3D3024E27E008EE769 /* Frameworks */,
				18BE6F3E3024E27E008EE769 /* Resources */,
			);
			buildRules = (
			);
			dependencies = (
				18BE6F423024E27E008EE769 /* PBXTargetDependency */,
			);
			name = ClosetAIUITests;
			packageProductDependencies = (
			);
			productName = ClosetAIUITests;
			productReference = 18BE6F403024E27E008EE769 /* ClosetAIUITests.xctest */;
			productType = "com.apple.product-type.bundle.ui-testing";
		};
/* End PBXNativeTarget section */

/* Begin PBXProject section */
		18BE6F213024E27C008EE769 /* Project object */ = {
			isa = PBXProject;
			attributes = {
				BuildIndependentTargetsInParallel = 1;
				LastSwiftUpdateCheck = 2660;
				LastUpgradeCheck = 2660;
				TargetAttributes = {
					18BE6F283024E27C008EE769 = {
						CreatedOnToolsVersion = 26.6;
					};
					18BE6F353024E27E008EE769 = {
						CreatedOnToolsVersion = 26.6;
						TestTargetID = 18BE6F283024E27C008EE769;
					};
					18BE6F3F3024E27E008EE769 = {
						CreatedOnToolsVersion = 26.6;
						TestTargetID = 18BE6F283024E27C008EE769;
					};
				};
			};
			buildConfigurationList = 18BE6F243024E27C008EE769 /* Build configuration list for PBXProject "ClosetAI" */;
			developmentRegion = en;
			hasScannedForEncodings = 0;
			knownRegions = (
				en,
				Base,
			);
			mainGroup = 18BE6F203024E27C008EE769;
			minimizedProjectReferenceProxies = 1;
			preferredProjectObjectVersion = 77;
			productRefGroup = 18BE6F2A3024E27C008EE769 /* Products */;
			projectDirPath = "";
			projectRoot = "";
			targets = (
				18BE6F283024E27C008EE769 /* ClosetAI */,
				18BE6F353024E27E008EE769 /* ClosetAITests */,
				18BE6F3F3024E27E008EE769 /* ClosetAIUITests */,
			);
		};
/* End PBXProject section */

/* Begin PBXResourcesBuildPhase section */
		18BE6F273024E27C008EE769 /* Resources */ = {
			isa = PBXResourcesBuildPhase;
			buildActionMask = 2147483647;
			files = (
				18BE6F653024E9EB008EE769 /* Assets.xcassets in Resources */,
			);
			runOnlyForDeploymentPostprocessing = 0;
		};
		18BE6F343024E27E008EE769 /* Resources */ = {
			isa = PBXResourcesBuildPhase;
			buildActionMask = 2147483647;
			files = (
			);
			runOnlyForDeploymentPostprocessing = 0;
		};
		18BE6F3E3024E27E008EE769 /* Resources */ = {
			isa = PBXResourcesBuildPhase;
			buildActionMask = 2147483647;
			files = (
			);
			runOnlyForDeploymentPostprocessing = 0;
		};
/* End PBXResourcesBuildPhase section */

/* Begin PBXSourcesBuildPhase section */
		18BE6F253024E27C008EE769 /* Sources */ = {
			isa = PBXSourcesBuildPhase;
			buildActionMask = 2147483647;
			files = (
				18BE6F6D3024EA64008EE769 /* AppRouter.swift in Sources */,
				18E6CFAA3028F3A900EFA132 /* DevelopmentWardrobeAIService.swift in Sources */,
				18E6CFA23028F18800EFA132 /* WardrobeFilter.swift in Sources */,
				180C0F6B30274A130074A5A8 /* HomeView.swift in Sources */,
				18C6F9D630279B58001C905A /* AppleAuthenticationProvider.swift in Sources */,
				18E6CF943028ED4100EFA132 /* WardrobeImage.swift in Sources */,
				18E6CFB13028F4F900EFA132 /* WardrobeScannerView.swift in Sources */,
				18E6CF8A3028E4CF00EFA132 /* HomeViewModel.swift in Sources */,
				180C0F5C302744480074A5A8 /* TokenStore.swift in Sources */,
				180C0F62302746920074A5A8 /* SessionManager.swift in Sources */,
				180C0F413026FCB60074A5A8 /* NetworkError.swift in Sources */,
				18E6CF963028ED4E00EFA132 /* WardrobeItem.swift in Sources */,
				180C0F68302749E90074A5A8 /* AuthenticationView.swift in Sources */,
				180C0F3F3026FC4C0074A5A8 /* APIRequest.swift in Sources */,
				18C6F9D030278C20001C905A /* APIAuthenticationService.swift in Sources */,
				18E6CF9E3028EE9C00EFA132 /* WardrobeViewModel.swift in Sources */,
				18E6CF3630288BC200EFA132 /* AuthenticationViewModel.swift in Sources */,
				18E6CF9A3028EE2500EFA132 /* WardrobeService.swift in Sources */,
				18E6CF70302894D300EFA132 /* UnavailableAppleAuthenticationProvider.swift in Sources */,
				18E6CFB53028F97D00EFA132 /* AIWardrobeAnalysis.swift in Sources */,
				18BE6F663024E9EB008EE769 /* ClosetAIApp.swift in Sources */,
				18E6CF783028C26C00EFA132 /* AuthorizationHeader.swift in Sources */,
				180C0F3D3026FC010074A5A8 /* HTTPMethod.swift in Sources */,
				18E6CF923028ED3100EFA132 /* WardrobeAttributes.swift in Sources */,
				18E6CF743028AC8900EFA132 /* DevelopmentAuthenticationService.swift in Sources */,
				18E6CFAC3028F3D700EFA132 /* WardrobeAIService.swift in Sources */,
				18C6F9CE30278B2F001C905A /* AuthenticationModels.swift in Sources */,
				18C6F9DD30279E42001C905A /* SystemAppleAuthenticationProvider.swift in Sources */,
				18C6F9CC30278AF3001C905A /* AuthenticationService.swift in Sources */,
				18BE6F693024EA42008EE769 /* AppContainer.swift in Sources */,
				18BE6F6B3024EA51008EE769 /* AppEnvironment.swift in Sources */,
				18E6CFA03028EED500EFA132 /* WardrobeView.swift in Sources */,
				18BE6F6F3024EA74008EE769 /* RootView.swift in Sources */,
				18E6CF8C3028EAB100EFA132 /* DevelopmentUserService.swift in Sources */,
				18C6F9D4302795BD001C905A /* NoContentResponse.swift in Sources */,
				18E6CF763028C1B700EFA132 /* SessionRefreshing.swift in Sources */,
				18E6CF7C3028DA5500EFA132 /* AuthenticatedAPIClient.swift in Sources */,
				18E6CF7A3028C2E800EFA132 /* AccessTokenProviding.swift in Sources */,
				18E6CF9C3028EE6300EFA132 /* DevelopmentWardrobeService.swift in Sources */,
				18E6CF883028E1D000EFA132 /* APIUserService.swift in Sources */,
				18E6CF843028E19A00EFA132 /* CurrentUser.swift in Sources */,
				18E6CF863028E1B200EFA132 /* UserService.swift in Sources */,
				180C0F433026FD070074A5A8 /* APIClient.swift in Sources */,
				180C0F5A3027440B0074A5A8 /* AuthenticationState.swift in Sources */,
				18E6CFA43028F30600EFA132 /* WardrobeAnalysis.swift in Sources */,
				18E6CF723028AC0800EFA132 /* DevelopmentAppleAuthenticationProvider.swift in Sources */,
				18E6CF903028ED2200EFA132 /* WardrobeCategory.swift in Sources */,
				18E6CFB33028F94A00EFA132 /* FoundationModelsWardrobeAIService.swift in Sources */,
				18E6CFAE3028F47500EFA132 /* WardrobeScannerViewModel.swift in Sources */,
				18E6CFB73028FBE100EFA132 /* VisionWardrobeAIService.swift in Sources */,
			);
			runOnlyForDeploymentPostprocessing = 0;
		};
		18BE6F323024E27E008EE769 /* Sources */ = {
			isa = PBXSourcesBuildPhase;
			buildActionMask = 2147483647;
			files = (
				18E6CF5B30288C9B00EFA132 /* AppContainerTests.swift in Sources */,
				18E6CF803028DC3000EFA132 /* MockAccessTokenProvider.swift in Sources */,
				18E6CF5C30288C9B00EFA132 /* MockAPIClient.swift in Sources */,
				18E6CF5D30288C9B00EFA132 /* APIAuthenticationServiceTests.swift in Sources */,
				18E6CF5E30288C9B00EFA132 /* AppleAuthenticationProviderTests.swift in Sources */,
				18E6CF6E30288E0A00EFA132 /* MockTokenStore.swift in Sources */,
				18E6CF813028DCD200EFA132 /* AccessTokenProviding.swift in Sources */,
				18E6CF7E3028DADD00EFA132 /* AuthenticatedAPIClientTests.swift in Sources */,
				18E6CF6C30288D1200EFA132 /* AuthenticationViewModelTests.swift in Sources */,
				18E6CF5F30288C9B00EFA132 /* MockAppleAuthenticationProvider.swift in Sources */,
				18E6CF6030288C9B00EFA132 /* MockAuthenticationService.swift in Sources */,
				18E6CF6130288C9B00EFA132 /* SessionManagerTests.swift in Sources */,
				18E6CF6230288C9B00EFA132 /* TokenStoreTests.swift in Sources */,
				18E6CF6330288C9B00EFA132 /* APIClientTests.swift in Sources */,
			);
			runOnlyForDeploymentPostprocessing = 0;
		};
		18BE6F3C3024E27E008EE769 /* Sources */ = {
			isa = PBXSourcesBuildPhase;
			buildActionMask = 2147483647;
			files = (
				18E6CF6830288CC500EFA132 /* ClosetAIUITests.swift in Sources */,
				18E6CF6930288CC500EFA132 /* ClosetAIUITestsLaunchTests.swift in Sources */,
			);
			runOnlyForDeploymentPostprocessing = 0;
		};
/* End PBXSourcesBuildPhase section */

/* Begin PBXTargetDependency section */
		18BE6F383024E27E008EE769 /* PBXTargetDependency */ = {
			isa = PBXTargetDependency;
			target = 18BE6F283024E27C008EE769 /* ClosetAI */;
			targetProxy = 18BE6F373024E27E008EE769 /* PBXContainerItemProxy */;
		};
		18BE6F423024E27E008EE769 /* PBXTargetDependency */ = {
			isa = PBXTargetDependency;
			target = 18BE6F283024E27C008EE769 /* ClosetAI */;
			targetProxy = 18BE6F413024E27E008EE769 /* PBXContainerItemProxy */;
		};
/* End PBXTargetDependency section */

/* Begin XCBuildConfiguration section */
		18BE6F483024E27E008EE769 /* Debug */ = {
			isa = XCBuildConfiguration;
			buildSettings = {
				ALWAYS_SEARCH_USER_PATHS = NO;
				ASSETCATALOG_COMPILER_GENERATE_SWIFT_ASSET_SYMBOL_EXTENSIONS = YES;
				CLANG_ANALYZER_NONNULL = YES;
				CLANG_ANALYZER_NUMBER_OBJECT_CONVERSION = YES_AGGRESSIVE;
				CLANG_CXX_LANGUAGE_STANDARD = "gnu++20";
				CLANG_ENABLE_MODULES = YES;
				CLANG_ENABLE_OBJC_ARC = YES;
				CLANG_ENABLE_OBJC_WEAK = YES;
				CLANG_WARN_BLOCK_CAPTURE_AUTORELEASING = YES;
				CLANG_WARN_BOOL_CONVERSION = YES;
				CLANG_WARN_COMMA = YES;
				CLANG_WARN_CONSTANT_CONVERSION = YES;
				CLANG_WARN_DEPRECATED_OBJC_IMPLEMENTATIONS = YES;
				CLANG_WARN_DIRECT_OBJC_ISA_USAGE = YES_ERROR;
				CLANG_WARN_DOCUMENTATION_COMMENTS = YES;
				CLANG_WARN_EMPTY_BODY = YES;
				CLANG_WARN_ENUM_CONVERSION = YES;
				CLANG_WARN_INFINITE_RECURSION = YES;
				CLANG_WARN_INT_CONVERSION = YES;
				CLANG_WARN_NON_LITERAL_NULL_CONVERSION = YES;
				CLANG_WARN_OBJC_IMPLICIT_RETAIN_SELF = YES;
				CLANG_WARN_OBJC_LITERAL_CONVERSION = YES;
				CLANG_WARN_OBJC_ROOT_CLASS = YES_ERROR;
				CLANG_WARN_QUOTED_INCLUDE_IN_FRAMEWORK_HEADER = YES;
				CLANG_WARN_RANGE_LOOP_ANALYSIS = YES;
				CLANG_WARN_STRICT_PROTOTYPES = YES;
				CLANG_WARN_SUSPICIOUS_MOVE = YES;
				CLANG_WARN_UNGUARDED_AVAILABILITY = YES_AGGRESSIVE;
				CLANG_WARN_UNREACHABLE_CODE = YES;
				CLANG_WARN__DUPLICATE_METHOD_MATCH = YES;
				COPY_PHASE_STRIP = NO;
				DEBUG_INFORMATION_FORMAT = dwarf;
				DEVELOPMENT_TEAM = FAD7LT2BQ7;
				ENABLE_STRICT_OBJC_MSGSEND = YES;
				ENABLE_TESTABILITY = YES;
				ENABLE_USER_SCRIPT_SANDBOXING = YES;
				GCC_C_LANGUAGE_STANDARD = gnu17;
				GCC_DYNAMIC_NO_PIC = NO;
				GCC_NO_COMMON_BLOCKS = YES;
				GCC_OPTIMIZATION_LEVEL = 0;
				GCC_PREPROCESSOR_DEFINITIONS = (
					"DEBUG=1",
					"$(inherited)",
				);
				GCC_WARN_64_TO_32_BIT_CONVERSION = YES;
				GCC_WARN_ABOUT_RETURN_TYPE = YES_ERROR;
				GCC_WARN_UNDECLARED_SELECTOR = YES;
				GCC_WARN_UNINITIALIZED_AUTOS = YES_AGGRESSIVE;
				GCC_WARN_UNUSED_FUNCTION = YES;
				GCC_WARN_UNUSED_VARIABLE = YES;
				IPHONEOS_DEPLOYMENT_TARGET = 26.5;
				LOCALIZATION_PREFERS_STRING_CATALOGS = YES;
				MTL_ENABLE_DEBUG_INFO = INCLUDE_SOURCE;
				MTL_FAST_MATH = YES;
				ONLY_ACTIVE_ARCH = YES;
				SDKROOT = iphoneos;
				SWIFT_ACTIVE_COMPILATION_CONDITIONS = "DEBUG $(inherited)";
				SWIFT_OPTIMIZATION_LEVEL = "-Onone";
			};
			name = Debug;
		};
		18BE6F493024E27E008EE769 /* Release */ = {
			isa = XCBuildConfiguration;
			buildSettings = {
				ALWAYS_SEARCH_USER_PATHS = NO;
				ASSETCATALOG_COMPILER_GENERATE_SWIFT_ASSET_SYMBOL_EXTENSIONS = YES;
				CLANG_ANALYZER_NONNULL = YES;
				CLANG_ANALYZER_NUMBER_OBJECT_CONVERSION = YES_AGGRESSIVE;
				CLANG_CXX_LANGUAGE_STANDARD = "gnu++20";
				CLANG_ENABLE_MODULES = YES;
				CLANG_ENABLE_OBJC_ARC = YES;
				CLANG_ENABLE_OBJC_WEAK = YES;
				CLANG_WARN_BLOCK_CAPTURE_AUTORELEASING = YES;
				CLANG_WARN_BOOL_CONVERSION = YES;
				CLANG_WARN_COMMA = YES;
				CLANG_WARN_CONSTANT_CONVERSION = YES;
				CLANG_WARN_DEPRECATED_OBJC_IMPLEMENTATIONS = YES;
				CLANG_WARN_DIRECT_OBJC_ISA_USAGE = YES_ERROR;
				CLANG_WARN_DOCUMENTATION_COMMENTS = YES;
				CLANG_WARN_EMPTY_BODY = YES;
				CLANG_WARN_ENUM_CONVERSION = YES;
				CLANG_WARN_INFINITE_RECURSION = YES;
				CLANG_WARN_INT_CONVERSION = YES;
				CLANG_WARN_NON_LITERAL_NULL_CONVERSION = YES;
				CLANG_WARN_OBJC_IMPLICIT_RETAIN_SELF = YES;
				CLANG_WARN_OBJC_LITERAL_CONVERSION = YES;
				CLANG_WARN_OBJC_ROOT_CLASS = YES_ERROR;
				CLANG_WARN_QUOTED_INCLUDE_IN_FRAMEWORK_HEADER = YES;
				CLANG_WARN_RANGE_LOOP_ANALYSIS = YES;
				CLANG_WARN_STRICT_PROTOTYPES = YES;
				CLANG_WARN_SUSPICIOUS_MOVE = YES;
				CLANG_WARN_UNGUARDED_AVAILABILITY = YES_AGGRESSIVE;
				CLANG_WARN_UNREACHABLE_CODE = YES;
				CLANG_WARN__DUPLICATE_METHOD_MATCH = YES;
				COPY_PHASE_STRIP = NO;
				DEBUG_INFORMATION_FORMAT = "dwarf-with-dsym";
				DEVELOPMENT_TEAM = FAD7LT2BQ7;
				ENABLE_NS_ASSERTIONS = NO;
				ENABLE_STRICT_OBJC_MSGSEND = YES;
				ENABLE_USER_SCRIPT_SANDBOXING = YES;
				GCC_C_LANGUAGE_STANDARD = gnu17;
				GCC_NO_COMMON_BLOCKS = YES;
				GCC_WARN_64_TO_32_BIT_CONVERSION = YES;
				GCC_WARN_ABOUT_RETURN_TYPE = YES_ERROR;
				GCC_WARN_UNDECLARED_SELECTOR = YES;
				GCC_WARN_UNINITIALIZED_AUTOS = YES_AGGRESSIVE;
				GCC_WARN_UNUSED_FUNCTION = YES;
				GCC_WARN_UNUSED_VARIABLE = YES;
				IPHONEOS_DEPLOYMENT_TARGET = 26.5;
				LOCALIZATION_PREFERS_STRING_CATALOGS = YES;
				MTL_ENABLE_DEBUG_INFO = NO;
				MTL_FAST_MATH = YES;
				SDKROOT = iphoneos;
				SWIFT_COMPILATION_MODE = wholemodule;
				VALIDATE_PRODUCT = YES;
			};
			name = Release;
		};
		18BE6F4B3024E27E008EE769 /* Debug */ = {
			isa = XCBuildConfiguration;
			buildSettings = {
				ASSETCATALOG_COMPILER_APPICON_NAME = AppIcon;
				ASSETCATALOG_COMPILER_GLOBAL_ACCENT_COLOR_NAME = AccentColor;
				CODE_SIGN_STYLE = Automatic;
				CURRENT_PROJECT_VERSION = 1;
				DEVELOPMENT_TEAM = FAD7LT2BQ7;
				ENABLE_PREVIEWS = YES;
				GENERATE_INFOPLIST_FILE = YES;
				INFOPLIST_KEY_UIApplicationSceneManifest_Generation = YES;
				INFOPLIST_KEY_UIApplicationSupportsIndirectInputEvents = YES;
				INFOPLIST_KEY_UILaunchScreen_Generation = YES;
				INFOPLIST_KEY_UISupportedInterfaceOrientations_iPad = "UIInterfaceOrientationPortrait UIInterfaceOrientationPortraitUpsideDown UIInterfaceOrientationLandscapeLeft UIInterfaceOrientationLandscapeRight";
				INFOPLIST_KEY_UISupportedInterfaceOrientations_iPhone = "UIInterfaceOrientationPortrait UIInterfaceOrientationLandscapeLeft UIInterfaceOrientationLandscapeRight";
				LD_RUNPATH_SEARCH_PATHS = (
					"$(inherited)",
					"@executable_path/Frameworks",
				);
				MARKETING_VERSION = 1.0;
				PRODUCT_BUNDLE_IDENTIFIER = com.Rakesh.tryMe.ClosetAI;
				PRODUCT_NAME = "$(TARGET_NAME)";
				STRING_CATALOG_GENERATE_SYMBOLS = YES;
				SWIFT_APPROACHABLE_CONCURRENCY = YES;
				SWIFT_DEFAULT_ACTOR_ISOLATION = MainActor;
				SWIFT_EMIT_LOC_STRINGS = YES;
				SWIFT_UPCOMING_FEATURE_MEMBER_IMPORT_VISIBILITY = YES;
				SWIFT_VERSION = 5.0;
				TARGETED_DEVICE_FAMILY = "1,2";
			};
			name = Debug;
		};
		18BE6F4C3024E27E008EE769 /* Release */ = {
			isa = XCBuildConfiguration;
			buildSettings = {
				ASSETCATALOG_COMPILER_APPICON_NAME = AppIcon;
				ASSETCATALOG_COMPILER_GLOBAL_ACCENT_COLOR_NAME = AccentColor;
				CODE_SIGN_STYLE = Automatic;
				CURRENT_PROJECT_VERSION = 1;
				DEVELOPMENT_TEAM = FAD7LT2BQ7;
				ENABLE_PREVIEWS = YES;
				GENERATE_INFOPLIST_FILE = YES;
				INFOPLIST_KEY_UIApplicationSceneManifest_Generation = YES;
				INFOPLIST_KEY_UIApplicationSupportsIndirectInputEvents = YES;
				INFOPLIST_KEY_UILaunchScreen_Generation = YES;
				INFOPLIST_KEY_UISupportedInterfaceOrientations_iPad = "UIInterfaceOrientationPortrait UIInterfaceOrientationPortraitUpsideDown UIInterfaceOrientationLandscapeLeft UIInterfaceOrientationLandscapeRight";
				INFOPLIST_KEY_UISupportedInterfaceOrientations_iPhone = "UIInterfaceOrientationPortrait UIInterfaceOrientationLandscapeLeft UIInterfaceOrientationLandscapeRight";
				LD_RUNPATH_SEARCH_PATHS = (
					"$(inherited)",
					"@executable_path/Frameworks",
				);
				MARKETING_VERSION = 1.0;
				PRODUCT_BUNDLE_IDENTIFIER = com.Rakesh.tryMe.ClosetAI;
				PRODUCT_NAME = "$(TARGET_NAME)";
				STRING_CATALOG_GENERATE_SYMBOLS = YES;
				SWIFT_APPROACHABLE_CONCURRENCY = YES;
				SWIFT_DEFAULT_ACTOR_ISOLATION = MainActor;
				SWIFT_EMIT_LOC_STRINGS = YES;
				SWIFT_UPCOMING_FEATURE_MEMBER_IMPORT_VISIBILITY = YES;
				SWIFT_VERSION = 5.0;
				TARGETED_DEVICE_FAMILY = "1,2";
			};
			name = Release;
		};
		18BE6F4E3024E27E008EE769 /* Debug */ = {
			isa = XCBuildConfiguration;
			buildSettings = {
				BUNDLE_LOADER = "$(TEST_HOST)";
				CODE_SIGN_STYLE = Automatic;
				CURRENT_PROJECT_VERSION = 1;
				DEVELOPMENT_TEAM = FAD7LT2BQ7;
				GENERATE_INFOPLIST_FILE = YES;
				IPHONEOS_DEPLOYMENT_TARGET = 26.5;
				MARKETING_VERSION = 1.0;
				PRODUCT_BUNDLE_IDENTIFIER = com.Rakesh.tryMe.ClosetAITests;
				PRODUCT_NAME = "$(TARGET_NAME)";
				STRING_CATALOG_GENERATE_SYMBOLS = NO;
				SWIFT_APPROACHABLE_CONCURRENCY = YES;
				SWIFT_EMIT_LOC_STRINGS = NO;
				SWIFT_UPCOMING_FEATURE_MEMBER_IMPORT_VISIBILITY = YES;
				SWIFT_VERSION = 5.0;
				TARGETED_DEVICE_FAMILY = "1,2";
				TEST_HOST = "$(BUILT_PRODUCTS_DIR)/ClosetAI.app/$(BUNDLE_EXECUTABLE_FOLDER_PATH)/ClosetAI";
			};
			name = Debug;
		};
		18BE6F4F3024E27E008EE769 /* Release */ = {
			isa = XCBuildConfiguration;
			buildSettings = {
				BUNDLE_LOADER = "$(TEST_HOST)";
				CODE_SIGN_STYLE = Automatic;
				CURRENT_PROJECT_VERSION = 1;
				DEVELOPMENT_TEAM = FAD7LT2BQ7;
				GENERATE_INFOPLIST_FILE = YES;
				IPHONEOS_DEPLOYMENT_TARGET = 26.5;
				MARKETING_VERSION = 1.0;
				PRODUCT_BUNDLE_IDENTIFIER = com.Rakesh.tryMe.ClosetAITests;
				PRODUCT_NAME = "$(TARGET_NAME)";
				STRING_CATALOG_GENERATE_SYMBOLS = NO;
				SWIFT_APPROACHABLE_CONCURRENCY = YES;
				SWIFT_EMIT_LOC_STRINGS = NO;
				SWIFT_UPCOMING_FEATURE_MEMBER_IMPORT_VISIBILITY = YES;
				SWIFT_VERSION = 5.0;
				TARGETED_DEVICE_FAMILY = "1,2";
				TEST_HOST = "$(BUILT_PRODUCTS_DIR)/ClosetAI.app/$(BUNDLE_EXECUTABLE_FOLDER_PATH)/ClosetAI";
			};
			name = Release;
		};
		18BE6F513024E27E008EE769 /* Debug */ = {
			isa = XCBuildConfiguration;
			buildSettings = {
				CODE_SIGN_STYLE = Automatic;
				CURRENT_PROJECT_VERSION = 1;
				DEVELOPMENT_TEAM = FAD7LT2BQ7;
				GENERATE_INFOPLIST_FILE = YES;
				MARKETING_VERSION = 1.0;
				PRODUCT_BUNDLE_IDENTIFIER = com.Rakesh.tryMe.ClosetAIUITests;
				PRODUCT_NAME = "$(TARGET_NAME)";
				STRING_CATALOG_GENERATE_SYMBOLS = NO;
				SWIFT_APPROACHABLE_CONCURRENCY = YES;
				SWIFT_EMIT_LOC_STRINGS = NO;
				SWIFT_UPCOMING_FEATURE_MEMBER_IMPORT_VISIBILITY = YES;
				SWIFT_VERSION = 5.0;
				TARGETED_DEVICE_FAMILY = "1,2";
				TEST_TARGET_NAME = ClosetAI;
			};
			name = Debug;
		};
		18BE6F523024E27E008EE769 /* Release */ = {
			isa = XCBuildConfiguration;
			buildSettings = {
				CODE_SIGN_STYLE = Automatic;
				CURRENT_PROJECT_VERSION = 1;
				DEVELOPMENT_TEAM = FAD7LT2BQ7;
				GENERATE_INFOPLIST_FILE = YES;
				MARKETING_VERSION = 1.0;
				PRODUCT_BUNDLE_IDENTIFIER = com.Rakesh.tryMe.ClosetAIUITests;
				PRODUCT_NAME = "$(TARGET_NAME)";
				STRING_CATALOG_GENERATE_SYMBOLS = NO;
				SWIFT_APPROACHABLE_CONCURRENCY = YES;
				SWIFT_EMIT_LOC_STRINGS = NO;
				SWIFT_UPCOMING_FEATURE_MEMBER_IMPORT_VISIBILITY = YES;
				SWIFT_VERSION = 5.0;
				TARGETED_DEVICE_FAMILY = "1,2";
				TEST_TARGET_NAME = ClosetAI;
			};
			name = Release;
		};
/* End XCBuildConfiguration section */

/* Begin XCConfigurationList section */
		18BE6F243024E27C008EE769 /* Build configuration list for PBXProject "ClosetAI" */ = {
			isa = XCConfigurationList;
			buildConfigurations = (
				18BE6F483024E27E008EE769 /* Debug */,
				18BE6F493024E27E008EE769 /* Release */,
			);
			defaultConfigurationIsVisible = 0;
			defaultConfigurationName = Release;
		};
		18BE6F4A3024E27E008EE769 /* Build configuration list for PBXNativeTarget "ClosetAI" */ = {
			isa = XCConfigurationList;
			buildConfigurations = (
				18BE6F4B3024E27E008EE769 /* Debug */,
				18BE6F4C3024E27E008EE769 /* Release */,
			);
			defaultConfigurationIsVisible = 0;
			defaultConfigurationName = Release;
		};
		18BE6F4D3024E27E008EE769 /* Build configuration list for PBXNativeTarget "ClosetAITests" */ = {
			isa = XCConfigurationList;
			buildConfigurations = (
				18BE6F4E3024E27E008EE769 /* Debug */,
				18BE6F4F3024E27E008EE769 /* Release */,
			);
			defaultConfigurationIsVisible = 0;
			defaultConfigurationName = Release;
		};
		18BE6F503024E27E008EE769 /* Build configuration list for PBXNativeTarget "ClosetAIUITests" */ = {
			isa = XCConfigurationList;
			buildConfigurations = (
				18BE6F513024E27E008EE769 /* Debug */,
				18BE6F523024E27E008EE769 /* Release */,
			);
			defaultConfigurationIsVisible = 0;
			defaultConfigurationName = Release;
		};
/* End XCConfigurationList section */
	};
	rootObject = 18BE6F213024E27C008EE769 /* Project object */;
}
